// !$*UTF8*$!
{
	archiveVersion = 1;
	classes = {
	};
	objectVersion = 56;
	objects = {

/* Begin PBXBuildFile section */
		AD485DF62990FD25009178C7 /* MediaTrendingApp.swift in Sources */ = {isa = PBXBuildFile; fileRef = AD485DF52990FD25009178C7 /* MediaTrendingApp.swift */; };
		AD485DF82990FD25009178C7 /* MainView.swift in Sources */ = {isa = PBXBuildFile; fileRef = AD485DF72990FD25009178C7 /* MainView.swift */; };
		AD485DFA2990FD26009178C7 /* Assets.xcassets in Resources */ = {isa = PBXBuildFile; fileRef = AD485DF92990FD26009178C7 /* Assets.xcassets */; };
		AD485DFD2990FD26009178C7 /* Preview Assets.xcassets in Resources */ = {isa = PBXBuildFile; fileRef = AD485DFC2990FD26009178C7 /* Preview Assets.xcassets */; };
		AD485E072990FD26009178C7 /* MediaTrendingTests.swift in Sources */ = {isa = PBXBuildFile; fileRef = AD485E062990FD26009178C7 /* MediaTrendingTests.swift */; };
		AD485E112990FD26009178C7 /* MediaTrendingUITests.swift in Sources */ = {isa = PBXBuildFile; fileRef = AD485E102990FD26009178C7 /* MediaTrendingUITests.swift */; };
		AD485E132990FD26009178C7 /* MediaTrendingUITestsLaunchTests.swift in Sources */ = {isa = PBXBuildFile; fileRef = AD485E122990FD26009178C7 /* MediaTrendingUITestsLaunchTests.swift */; };
		AD485E2129910383009178C7 /* Localizable.strings in Resources */ = {isa = PBXBuildFile; fileRef = AD485E2329910383009178C7 /* Localizable.strings */; };
		AD485E2B29910C8A009178C7 /* Alamofire in Frameworks */ = {isa = PBXBuildFile; productRef = AD485E2A29910C8A009178C7 /* Alamofire */; };
		AD485E312991101E009178C7 /* .gitignore in Resources */ = {isa = PBXBuildFile; fileRef = AD485E302991101E009178C7 /* .gitignore */; };
		AD485E352991105C009178C7 /* APIKeys.swift in Sources */ = {isa = PBXBuildFile; fileRef = AD485E342991105B009178C7 /* APIKeys.swift */; };
		AD485E3D299114FA009178C7 /* Movie.swift in Sources */ = {isa = PBXBuildFile; fileRef = AD485E3C299114FA009178C7 /* Movie.swift */; };
		AD485E4329911B1A009178C7 /* MainViewModel.swift in Sources */ = {isa = PBXBuildFile; fileRef = AD485E4229911B1A009178C7 /* MainViewModel.swift */; };
		AD485E4929911D33009178C7 /* EndPoints.swift in Sources */ = {isa = PBXBuildFile; fileRef = AD485E4829911D33009178C7 /* EndPoints.swift */; };
		AD485E4C29912031009178C7 /* RawValues.swift in Sources */ = {isa = PBXBuildFile; fileRef = AD485E4B29912031009178C7 /* RawValues.swift */; };
		AD975BB829A0B5230066492C /* StretchableHeaderView.swift in Sources */ = {isa = PBXBuildFile; fileRef = AD975BB729A0B5230066492C /* StretchableHeaderView.swift */; };
		ADF03785299B78260016DA37 /* TV.swift in Sources */ = {isa = PBXBuildFile; fileRef = ADF03784299B78260016DA37 /* TV.swift */; };
		ADF0378A299B8E1C0016DA37 /* DetailView.swift in Sources */ = {isa = PBXBuildFile; fileRef = ADF03789299B8E1C0016DA37 /* DetailView.swift */; };
		ADF0378D299B8E4F0016DA37 /* DetailViewModel.swift in Sources */ = {isa = PBXBuildFile; fileRef = ADF0378C299B8E4F0016DA37 /* DetailViewModel.swift */; };
		ADF0378F299BA23F0016DA37 /* DetailCellView.swift in Sources */ = {isa = PBXBuildFile; fileRef = ADF0378E299BA23F0016DA37 /* DetailCellView.swift */; };
		ADF9DDD0299234EA00ECE211 /* MediaView.swift in Sources */ = {isa = PBXBuildFile; fileRef = ADF9DDCF299234EA00ECE211 /* MediaView.swift */; };
		ADF9DDD5299252A300ECE211 /* Casts.swift in Sources */ = {isa = PBXBuildFile; fileRef = ADF9DDD4299252A300ECE211 /* Casts.swift */; };
		ADF9DDD729925E3700ECE211 /* Crews.swift in Sources */ = {isa = PBXBuildFile; fileRef = ADF9DDD629925E3700ECE211 /* Crews.swift */; };
/* End PBXBuildFile section */

/* Begin PBXContainerItemProxy section */
		AD485E032990FD26009178C7 /* PBXContainerItemProxy */ = {
			isa = PBXContainerItemProxy;
			containerPortal = AD485DEA2990FD25009178C7 /* Project object */;
			proxyType = 1;
			remoteGlobalIDString = AD485DF12990FD25009178C7;
			remoteInfo = MediaTrending;
		};
		AD485E0D2990FD26009178C7 /* PBXContainerItemProxy */ = {
			isa = PBXContainerItemProxy;
			containerPortal = AD485DEA2990FD25009178C7 /* Project object */;
			proxyType = 1;
			remoteGlobalIDString = AD485DF12990FD25009178C7;
			remoteInfo = MediaTrending;
		};
/* End PBXContainerItemProxy section */

/* Begin PBXFileReference section */
		AD485DF22990FD25009178C7 /* MediaTrending.app */ = {isa = PBXFileReference; explicitFileType = wrapper.application; includeInIndex = 0; path = MediaTrending.app; sourceTree = BUILT_PRODUCTS_DIR; };
		AD485DF52990FD25009178C7 /* MediaTrendingApp.swift */ = {isa = PBXFileReference; lastKnownFileType = sourcecode.swift; path = MediaTrendingApp.swift; sourceTree = "<group>"; };
		AD485DF72990FD25009178C7 /* MainView.swift */ = {isa = PBXFileReference; lastKnownFileType = sourcecode.swift; path = MainView.swift; sourceTree = "<group>"; };
		AD485DF92990FD26009178C7 /* Assets.xcassets */ = {isa = PBXFileReference; lastKnownFileType = folder.assetcatalog; path = Assets.xcassets; sourceTree = "<group>"; };
		AD485DFC2990FD26009178C7 /* Preview Assets.xcassets */ = {isa = PBXFileReference; lastKnownFileType = folder.assetcatalog; path = "Preview Assets.xcassets"; sourceTree = "<group>"; };
		AD485E022990FD26009178C7 /* MediaTrendingTests.xctest */ = {isa = PBXFileReference; explicitFileType = wrapper.cfbundle; includeInIndex = 0; path = MediaTrendingTests.xctest; sourceTree = BUILT_PRODUCTS_DIR; };
		AD485E062990FD26009178C7 /* MediaTrendingTests.swift */ = {isa = PBXFileReference; lastKnownFileType = sourcecode.swift; path = MediaTrendingTests.swift; sourceTree = "<group>"; };
		AD485E0C2990FD26009178C7 /* MediaTrendingUITests.xctest */ = {isa = PBXFileReference; explicitFileType = wrapper.cfbundle; includeInIndex = 0; path = MediaTrendingUITests.xctest; sourceTree = BUILT_PRODUCTS_DIR; };
		AD485E102990FD26009178C7 /* MediaTrendingUITests.swift */ = {isa = PBXFileReference; lastKnownFileType = sourcecode.swift; path = MediaTrendingUITests.swift; sourceTree = "<group>"; };
		AD485E122990FD26009178C7 /* MediaTrendingUITestsLaunchTests.swift */ = {isa = PBXFileReference; lastKnownFileType = sourcecode.swift; path = MediaTrendingUITestsLaunchTests.swift; sourceTree = "<group>"; };
		AD485E2229910383009178C7 /* en */ = {isa = PBXFileReference; lastKnownFileType = text.plist.strings; name = en; path = en.lproj/Localizable.strings; sourceTree = "<group>"; };
		AD485E24299103A1009178C7 /* ko */ = {isa = PBXFileReference; lastKnownFileType = text.plist.strings; name = ko; path = ko.lproj/Localizable.strings; sourceTree = "<group>"; };
		AD485E302991101E009178C7 /* .gitignore */ = {isa = PBXFileReference; lastKnownFileType = text; path = .gitignore; sourceTree = "<group>"; };
		AD485E342991105B009178C7 /* APIKeys.swift */ = {isa = PBXFileReference; lastKnownFileType = sourcecode.swift; path = APIKeys.swift; sourceTree = "<group>"; };
		AD485E3C299114FA009178C7 /* Movie.swift */ = {isa = PBXFileReference; lastKnownFileType = sourcecode.swift; path = Movie.swift; sourceTree = "<group>"; };
		AD485E4229911B1A009178C7 /* MainViewModel.swift */ = {isa = PBXFileReference; lastKnownFileType = sourcecode.swift; path = MainViewModel.swift; sourceTree = "<group>"; };
		AD485E4829911D33009178C7 /* EndPoints.swift */ = {isa = PBXFileReference; lastKnownFileType = sourcecode.swift; path = EndPoints.swift; sourceTree = "<group>"; };
		AD485E4B29912031009178C7 /* RawValues.swift */ = {isa = PBXFileReference; lastKnownFileType = sourcecode.swift; path = RawValues.swift; sourceTree = "<group>"; };
		AD975BB729A0B5230066492C /* StretchableHeaderView.swift */ = {isa = PBXFileReference; lastKnownFileType = sourcecode.swift; path = StretchableHeaderView.swift; sourceTree = "<group>"; };
		ADF03784299B78260016DA37 /* TV.swift */ = {isa = PBXFileReference; lastKnownFileType = sourcecode.swift; path = TV.swift; sourceTree = "<group>"; };
		ADF03789299B8E1C0016DA37 /* DetailView.swift */ = {isa = PBXFileReference; lastKnownFileType = sourcecode.swift; path = DetailView.swift; sourceTree = "<group>"; };
		ADF0378C299B8E4F0016DA37 /* DetailViewModel.swift */ = {isa = PBXFileReference; lastKnownFileType = sourcecode.swift; path = DetailViewModel.swift; sourceTree = "<group>"; };
		ADF0378E299BA23F0016DA37 /* DetailCellView.swift */ = {isa = PBXFileReference; lastKnownFileType = sourcecode.swift; path = DetailCellView.swift; sourceTree = "<group>"; };
		ADF9DDCF299234EA00ECE211 /* MediaView.swift */ = {isa = PBXFileReference; lastKnownFileType = sourcecode.swift; path = MediaView.swift; sourceTree = "<group>"; };
		ADF9DDD4299252A300ECE211 /* Casts.swift */ = {isa = PBXFileReference; lastKnownFileType = sourcecode.swift; path = Casts.swift; sourceTree = "<group>"; };
		ADF9DDD629925E3700ECE211 /* Crews.swift */ = {isa = PBXFileReference; lastKnownFileType = sourcecode.swift; path = Crews.swift; sourceTree = "<group>"; };
/* End PBXFileReference section */

/* Begin PBXFrameworksBuildPhase section */
		AD485DEF2990FD25009178C7 /* Frameworks */ = {
			isa = PBXFrameworksBuildPhase;
			buildActionMask = 2147483647;
			files = (
				AD485E2B29910C8A009178C7 /* Alamofire in Frameworks */,
			);
			runOnlyForDeploymentPostprocessing = 0;
		};
		AD485DFF2990FD26009178C7 /* Frameworks */ = {
			isa = PBXFrameworksBuildPhase;
			buildActionMask = 2147483647;
			files = (
			);
			runOnlyForDeploymentPostprocessing = 0;
		};
		AD485E092990FD26009178C7 /* Frameworks */ = {
			isa = PBXFrameworksBuildPhase;
			buildActionMask = 2147483647;
			files = (
			);
			runOnlyForDeploymentPostprocessing = 0;
		};
/* End PBXFrameworksBuildPhase section */

/* Begin PBXGroup section */
		AD485DE92990FD25009178C7 = {
			isa = PBXGroup;
			children = (
				AD485E302991101E009178C7 /* .gitignore */,
				AD485DF42990FD25009178C7 /* MediaTrending */,
				AD485E052990FD26009178C7 /* MediaTrendingTests */,
				AD485E0F2990FD26009178C7 /* MediaTrendingUITests */,
				AD485DF32990FD25009178C7 /* Products */,
			);
			sourceTree = "<group>";
		};
		AD485DF32990FD25009178C7 /* Products */ = {
			isa = PBXGroup;
			children = (
				AD485DF22990FD25009178C7 /* MediaTrending.app */,
				AD485E022990FD26009178C7 /* MediaTrendingTests.xctest */,
				AD485E0C2990FD26009178C7 /* MediaTrendingUITests.xctest */,
			);
			name = Products;
			sourceTree = "<group>";
		};
		AD485DF42990FD25009178C7 /* MediaTrending */ = {
			isa = PBXGroup;
			children = (
				AD485DF52990FD25009178C7 /* MediaTrendingApp.swift */,
				AD485E322991103D009178C7 /* Resources */,
				AD485E2829910C53009178C7 /* Utilities */,
				AD485E3629911422009178C7 /* Scenes */,
				AD485E2329910383009178C7 /* Localizable.strings */,
				AD485DF92990FD26009178C7 /* Assets.xcassets */,
				AD485DFB2990FD26009178C7 /* Preview Content */,
			);
			path = MediaTrending;
			sourceTree = "<group>";
		};
		AD485DFB2990FD26009178C7 /* Preview Content */ = {
			isa = PBXGroup;
			children = (
				AD485DFC2990FD26009178C7 /* Preview Assets.xcassets */,
			);
			path = "Preview Content";
			sourceTree = "<group>";
		};
		AD485E052990FD26009178C7 /* MediaTrendingTests */ = {
			isa = PBXGroup;
			children = (
				AD485E062990FD26009178C7 /* MediaTrendingTests.swift */,
			);
			path = MediaTrendingTests;
			sourceTree = "<group>";
		};
		AD485E0F2990FD26009178C7 /* MediaTrendingUITests */ = {
			isa = PBXGroup;
			children = (
				AD485E102990FD26009178C7 /* MediaTrendingUITests.swift */,
				AD485E122990FD26009178C7 /* MediaTrendingUITestsLaunchTests.swift */,
			);
			path = MediaTrendingUITests;
			sourceTree = "<group>";
		};
		AD485E2829910C53009178C7 /* Utilities */ = {
			isa = PBXGroup;
			children = (
				AD485E4A29911F7B009178C7 /* Components */,
				AD485E3A299114CD009178C7 /* Networking */,
			);
			path = Utilities;
			sourceTree = "<group>";
		};
		AD485E2F29910D25009178C7 /* Managers */ = {
			isa = PBXGroup;
			children = (
			);
			path = Managers;
			sourceTree = "<group>";
		};
		AD485E322991103D009178C7 /* Resources */ = {
			isa = PBXGroup;
			children = (
				AD485E4B29912031009178C7 /* RawValues.swift */,
			);
			path = Resources;
			sourceTree = "<group>";
		};
		AD485E332991104A009178C7 /* APIKeys */ = {
			isa = PBXGroup;
			children = (
				AD485E342991105B009178C7 /* APIKeys.swift */,
			);
			path = APIKeys;
			sourceTree = "<group>";
		};
		AD485E3629911422009178C7 /* Scenes */ = {
			isa = PBXGroup;
			children = (
				AD485E372991144C009178C7 /* Main */,
				ADF03786299B8DF20016DA37 /* Detail */,
			);
			path = Scenes;
			sourceTree = "<group>";
		};
		AD485E372991144C009178C7 /* Main */ = {
			isa = PBXGroup;
			children = (
				AD485E382991145B009178C7 /* Views */,
				AD485E3929911499009178C7 /* ViewModels */,
			);
			path = Main;
			sourceTree = "<group>";
		};
		AD485E382991145B009178C7 /* Views */ = {
			isa = PBXGroup;
			children = (
				AD485DF72990FD25009178C7 /* MainView.swift */,
				ADF9DDCF299234EA00ECE211 /* MediaView.swift */,
			);
			path = Views;
			sourceTree = "<group>";
		};
		AD485E3929911499009178C7 /* ViewModels */ = {
			isa = PBXGroup;
			children = (
				AD485E4229911B1A009178C7 /* MainViewModel.swift */,
			);
			path = ViewModels;
			sourceTree = "<group>";
		};
		AD485E3A299114CD009178C7 /* Networking */ = {
			isa = PBXGroup;
			children = (
				AD485E4729911D1F009178C7 /* EndPoints */,
				AD485E332991104A009178C7 /* APIKeys */,
				AD485E3B299114E0009178C7 /* DTOs */,
				AD485E2F29910D25009178C7 /* Managers */,
			);
			path = Networking;
			sourceTree = "<group>";
		};
		AD485E3B299114E0009178C7 /* DTOs */ = {
			isa = PBXGroup;
			children = (
				AD485E3C299114FA009178C7 /* Movie.swift */,
				ADF03784299B78260016DA37 /* TV.swift */,
				ADF9DDD4299252A300ECE211 /* Casts.swift */,
				ADF9DDD629925E3700ECE211 /* Crews.swift */,
			);
			path = DTOs;
			sourceTree = "<group>";
		};
		AD485E4729911D1F009178C7 /* EndPoints */ = {
			isa = PBXGroup;
			children = (
				AD485E4829911D33009178C7 /* EndPoints.swift */,
			);
			path = EndPoints;
			sourceTree = "<group>";
		};
		AD485E4A29911F7B009178C7 /* Components */ = {
			isa = PBXGroup;
			children = (
			);
			path = Components;
			sourceTree = "<group>";
		};
		ADF03786299B8DF20016DA37 /* Detail */ = {
			isa = PBXGroup;
			children = (
				ADF03788299B8E0B0016DA37 /* Views */,
				ADF03787299B8E040016DA37 /* ViewModels */,
			);
			path = Detail;
			sourceTree = "<group>";
		};
		ADF03787299B8E040016DA37 /* ViewModels */ = {
			isa = PBXGroup;
			children = (
				ADF0378C299B8E4F0016DA37 /* DetailViewModel.swift */,
			);
			path = ViewModels;
			sourceTree = "<group>";
		};
		ADF03788299B8E0B0016DA37 /* Views */ = {
			isa = PBXGroup;
			children = (
				ADF03789299B8E1C0016DA37 /* DetailView.swift */,
				ADF0378E299BA23F0016DA37 /* DetailCellView.swift */,
				AD975BB729A0B5230066492C /* StretchableHeaderView.swift */,
			);
			path = Views;
			sourceTree = "<group>";
		};
/* End PBXGroup section */

/* Begin PBXNativeTarget section */
		AD485DF12990FD25009178C7 /* MediaTrending */ = {
			isa = PBXNativeTarget;
			buildConfigurationList = AD485E162990FD26009178C7 /* Build configuration list for PBXNativeTarget "MediaTrending" */;
			buildPhases = (
				AD485DEE2990FD25009178C7 /* Sources */,
				AD485DEF2990FD25009178C7 /* Frameworks */,
				AD485DF02990FD25009178C7 /* Resources */,
			);
			buildRules = (
			);
			dependencies = (
			);
			name = MediaTrending;
			packageProductDependencies = (
				AD485E2A29910C8A009178C7 /* Alamofire */,
			);
			productName = MediaTrending;
			productReference = AD485DF22990FD25009178C7 /* MediaTrending.app */;
			productType = "com.apple.product-type.application";
		};
		AD485E012990FD26009178C7 /* MediaTrendingTests */ = {
			isa = PBXNativeTarget;
			buildConfigurationList = AD485E192990FD26009178C7 /* Build configuration list for PBXNativeTarget "MediaTrendingTests" */;
			buildPhases = (
				AD485DFE2990FD26009178C7 /* Sources */,
				AD485DFF2990FD26009178C7 /* Frameworks */,
				AD485E002990FD26009178C7 /* Resources */,
			);
			buildRules = (
			);
			dependencies = (
				AD485E042990FD26009178C7 /* PBXTargetDependency */,
			);
			name = MediaTrendingTests;
			productName = MediaTrendingTests;
			productReference = AD485E022990FD26009178C7 /* MediaTrendingTests.xctest */;
			productType = "com.apple.product-type.bundle.unit-test";
		};
		AD485E0B2990FD26009178C7 /* MediaTrendingUITests */ = {
			isa = PBXNativeTarget;
			buildConfigurationList = AD485E1C2990FD26009178C7 /* Build configuration list for PBXNativeTarget "MediaTrendingUITests" */;
			buildPhases = (
				AD485E082990FD26009178C7 /* Sources */,
				AD485E092990FD26009178C7 /* Frameworks */,
				AD485E0A2990FD26009178C7 /* Resources */,
			);
			buildRules = (
			);
			dependencies = (
				AD485E0E2990FD26009178C7 /* PBXTargetDependency */,
			);
			name = MediaTrendingUITests;
			productName = MediaTrendingUITests;
			productReference = AD485E0C2990FD26009178C7 /* MediaTrendingUITests.xctest */;
			productType = "com.apple.product-type.bundle.ui-testing";
		};
/* End PBXNativeTarget section */

/* Begin PBXProject section */
		AD485DEA2990FD25009178C7 /* Project object */ = {
			isa = PBXProject;
			attributes = {
				BuildIndependentTargetsInParallel = 1;
				LastSwiftUpdateCheck = 1420;
				LastUpgradeCheck = 1420;
				TargetAttributes = {
					AD485DF12990FD25009178C7 = {
						CreatedOnToolsVersion = 14.2;
					};
					AD485E012990FD26009178C7 = {
						CreatedOnToolsVersion = 14.2;
						TestTargetID = AD485DF12990FD25009178C7;
					};
					AD485E0B2990FD26009178C7 = {
						CreatedOnToolsVersion = 14.2;
						TestTargetID = AD485DF12990FD25009178C7;
					};
				};
			};
			buildConfigurationList = AD485DED2990FD25009178C7 /* Build configuration list for PBXProject "MediaTrending" */;
			compatibilityVersion = "Xcode 14.0";
			developmentRegion = en;
			hasScannedForEncodings = 0;
			knownRegions = (
				en,
				Base,
				ko,
			);
			mainGroup = AD485DE92990FD25009178C7;
			packageReferences = (
				AD485E2929910C8A009178C7 /* XCRemoteSwiftPackageReference "Alamofire" */,
			);
			productRefGroup = AD485DF32990FD25009178C7 /* Products */;
			projectDirPath = "";
			projectRoot = "";
			targets = (
				AD485DF12990FD25009178C7 /* MediaTrending */,
				AD485E012990FD26009178C7 /* MediaTrendingTests */,
				AD485E0B2990FD26009178C7 /* MediaTrendingUITests */,
			);
		};
/* End PBXProject section */

/* Begin PBXResourcesBuildPhase section */
		AD485DF02990FD25009178C7 /* Resources */ = {
			isa = PBXResourcesBuildPhase;
			buildActionMask = 2147483647;
			files = (
				AD485E312991101E009178C7 /* .gitignore in Resources */,
				AD485DFD2990FD26009178C7 /* Preview Assets.xcassets in Resources */,
				AD485E2129910383009178C7 /* Localizable.strings in Resources */,
				AD485DFA2990FD26009178C7 /* Assets.xcassets in Resources */,
			);
			runOnlyForDeploymentPostprocessing = 0;
		};
		AD485E002990FD26009178C7 /* Resources */ = {
			isa = PBXResourcesBuildPhase;
			buildActionMask = 2147483647;
			files = (
			);
			runOnlyForDeploymentPostprocessing = 0;
		};
		AD485E0A2990FD26009178C7 /* Resources */ = {
			isa = PBXResourcesBuildPhase;
			buildActionMask = 2147483647;
			files = (
			);
			runOnlyForDeploymentPostprocessing = 0;
		};
/* End PBXResourcesBuildPhase section */

/* Begin PBXSourcesBuildPhase section */
		AD485DEE2990FD25009178C7 /* Sources */ = {
			isa = PBXSourcesBuildPhase;
			buildActionMask = 2147483647;
			files = (
				AD485E4329911B1A009178C7 /* MainViewModel.swift in Sources */,
				ADF0378F299BA23F0016DA37 /* DetailCellView.swift in Sources */,
				ADF0378A299B8E1C0016DA37 /* DetailView.swift in Sources */,
				ADF9DDD5299252A300ECE211 /* Casts.swift in Sources */,
				AD485E352991105C009178C7 /* APIKeys.swift in Sources */,
				AD975BB829A0B5230066492C /* StretchableHeaderView.swift in Sources */,
				AD485E4929911D33009178C7 /* EndPoints.swift in Sources */,
				ADF03785299B78260016DA37 /* TV.swift in Sources */,
				AD485E4C29912031009178C7 /* RawValues.swift in Sources */,
				AD485DF82990FD25009178C7 /* MainView.swift in Sources */,
				ADF9DDD0299234EA00ECE211 /* MediaView.swift in Sources */,
				ADF0378D299B8E4F0016DA37 /* DetailViewModel.swift in Sources */,
				AD485E3D299114FA009178C7 /* Movie.swift in Sources */,
				ADF9DDD729925E3700ECE211 /* Crews.swift in Sources */,
				AD485DF62990FD25009178C7 /* MediaTrendingApp.swift in Sources */,
			);
			runOnlyForDeploymentPostprocessing = 0;
		};
		AD485DFE2990FD26009178C7 /* Sources */ = {
			isa = PBXSourcesBuildPhase;
			buildActionMask = 2147483647;
			files = (
				AD485E072990FD26009178C7 /* MediaTrendingTests.swift in Sources */,
			);
			runOnlyForDeploymentPostprocessing = 0;
		};
		AD485E082990FD26009178C7 /* Sources */ = {
			isa = PBXSourcesBuildPhase;
			buildActionMask = 2147483647;
			files = (
				AD485E132990FD26009178C7 /* MediaTrendingUITestsLaunchTests.swift in Sources */,
				AD485E112990FD26009178C7 /* MediaTrendingUITests.swift in Sources */,
			);
			runOnlyForDeploymentPostprocessing = 0;
		};
/* End PBXSourcesBuildPhase section */

/* Begin PBXTargetDependency section */
		AD485E042990FD26009178C7 /* PBXTargetDependency */ = {
			isa = PBXTargetDependency;
			target = AD485DF12990FD25009178C7 /* MediaTrending */;
			targetProxy = AD485E032990FD26009178C7 /* PBXContainerItemProxy */;
		};
		AD485E0E2990FD26009178C7 /* PBXTargetDependency */ = {
			isa = PBXTargetDependency;
			target = AD485DF12990FD25009178C7 /* MediaTrending */;
			targetProxy = AD485E0D2990FD26009178C7 /* PBXContainerItemProxy */;
		};
/* End PBXTargetDependency section */

/* Begin PBXVariantGroup section */
		AD485E2329910383009178C7 /* Localizable.strings */ = {
			isa = PBXVariantGroup;
			children = (
				AD485E2229910383009178C7 /* en */,
				AD485E24299103A1009178C7 /* ko */,
			);
			name = Localizable.strings;
			sourceTree = "<group>";
		};
/* End PBXVariantGroup section */

/* Begin XCBuildConfiguration section */
		AD485E142990FD26009178C7 /* Debug */ = {
			isa = XCBuildConfiguration;
			buildSettings = {
				ALWAYS_SEARCH_USER_PATHS = NO;
				CLANG_ANALYZER_LOCALIZABILITY_NONLOCALIZED = YES;
				CLANG_ANALYZER_NONNULL = YES;
				CLANG_ANALYZER_NUMBER_OBJECT_CONVERSION = YES_AGGRESSIVE;
				CLANG_CXX_LANGUAGE_STANDARD = "gnu++20";
				CLANG_ENABLE_MODULES = YES;
				CLANG_ENABLE_OBJC_ARC = YES;
				CLANG_ENABLE_OBJC_WEAK = YES;
				CLANG_WARN_BLOCK_CAPTURE_AUTORELEASING = YES;
				CLANG_WARN_BOOL_CONVERSION = YES;
				CLANG_WARN_COMMA = YES;
				CLANG_WARN_CONSTANT_CONVERSION = YES;
				CLANG_WARN_DEPRECATED_OBJC_IMPLEMENTATIONS = YES;
				CLANG_WARN_DIRECT_OBJC_ISA_USAGE = YES_ERROR;
				CLANG_WARN_DOCUMENTATION_COMMENTS = YES;
				CLANG_WARN_EMPTY_BODY = YES;
				CLANG_WARN_ENUM_CONVERSION = YES;
				CLANG_WARN_INFINITE_RECURSION = YES;
				CLANG_WARN_INT_CONVERSION = YES;
				CLANG_WARN_NON_LITERAL_NULL_CONVERSION = YES;
				CLANG_WARN_OBJC_IMPLICIT_RETAIN_SELF = YES;
				CLANG_WARN_OBJC_LITERAL_CONVERSION = YES;
				CLANG_WARN_OBJC_ROOT_CLASS = YES_ERROR;
				CLANG_WARN_QUOTED_INCLUDE_IN_FRAMEWORK_HEADER = YES;
				CLANG_WARN_RANGE_LOOP_ANALYSIS = YES;
				CLANG_WARN_STRICT_PROTOTYPES = YES;
				CLANG_WARN_SUSPICIOUS_MOVE = YES;
				CLANG_WARN_UNGUARDED_AVAILABILITY = YES_AGGRESSIVE;
				CLANG_WARN_UNREACHABLE_CODE = YES;
				CLANG_WARN__DUPLICATE_METHOD_MATCH = YES;
				COPY_PHASE_STRIP = NO;
				DEBUG_INFORMATION_FORMAT = dwarf;
				ENABLE_STRICT_OBJC_MSGSEND = YES;
				ENABLE_TESTABILITY = YES;
				GCC_C_LANGUAGE_STANDARD = gnu11;
				GCC_DYNAMIC_NO_PIC = NO;
				GCC_NO_COMMON_BLOCKS = YES;
				GCC_OPTIMIZATION_LEVEL = 0;
				GCC_PREPROCESSOR_DEFINITIONS = (
					"DEBUG=1",
					"$(inherited)",
				);
				GCC_WARN_64_TO_32_BIT_CONVERSION = YES;
				GCC_WARN_ABOUT_RETURN_TYPE = YES_ERROR;
				GCC_WARN_UNDECLARED_SELECTOR = YES;
				GCC_WARN_UNINITIALIZED_AUTOS = YES_AGGRESSIVE;
				GCC_WARN_UNUSED_FUNCTION = YES;
				GCC_WARN_UNUSED_VARIABLE = YES;
				IPHONEOS_DEPLOYMENT_TARGET = 15.0;
				MTL_ENABLE_DEBUG_INFO = INCLUDE_SOURCE;
				MTL_FAST_MATH = YES;
				ONLY_ACTIVE_ARCH = YES;
				SDKROOT = iphoneos;
				SWIFT_ACTIVE_COMPILATION_CONDITIONS = DEBUG;
				SWIFT_OPTIMIZATION_LEVEL = "-Onone";
			};
			name = Debug;
		};
		AD485E152990FD26009178C7 /* Release */ = {
			isa = XCBuildConfiguration;
			buildSettings = {
				ALWAYS_SEARCH_USER_PATHS = NO;
				CLANG_ANALYZER_LOCALIZABILITY_NONLOCALIZED = YES;
				CLANG_ANALYZER_NONNULL = YES;
				CLANG_ANALYZER_NUMBER_OBJECT_CONVERSION = YES_AGGRESSIVE;
				CLANG_CXX_LANGUAGE_STANDARD = "gnu++20";
				CLANG_ENABLE_MODULES = YES;
				CLANG_ENABLE_OBJC_ARC = YES;
				CLANG_ENABLE_OBJC_WEAK = YES;
				CLANG_WARN_BLOCK_CAPTURE_AUTORELEASING = YES;
				CLANG_WARN_BOOL_CONVERSION = YES;
				CLANG_WARN_COMMA = YES;
				CLANG_WARN_CONSTANT_CONVERSION = YES;
				CLANG_WARN_DEPRECATED_OBJC_IMPLEMENTATIONS = YES;
				CLANG_WARN_DIRECT_OBJC_ISA_USAGE = YES_ERROR;
				CLANG_WARN_DOCUMENTATION_COMMENTS = YES;
				CLANG_WARN_EMPTY_BODY = YES;
				CLANG_WARN_ENUM_CONVERSION = YES;
				CLANG_WARN_INFINITE_RECURSION = YES;
				CLANG_WARN_INT_CONVERSION = YES;
				CLANG_WARN_NON_LITERAL_NULL_CONVERSION = YES;
				CLANG_WARN_OBJC_IMPLICIT_RETAIN_SELF = YES;
				CLANG_WARN_OBJC_LITERAL_CONVERSION = YES;
				CLANG_WARN_OBJC_ROOT_CLASS = YES_ERROR;
				CLANG_WARN_QUOTED_INCLUDE_IN_FRAMEWORK_HEADER = YES;
				CLANG_WARN_RANGE_LOOP_ANALYSIS = YES;
				CLANG_WARN_STRICT_PROTOTYPES = YES;
				CLANG_WARN_SUSPICIOUS_MOVE = YES;
				CLANG_WARN_UNGUARDED_AVAILABILITY = YES_AGGRESSIVE;
				CLANG_WARN_UNREACHABLE_CODE = YES;
				CLANG_WARN__DUPLICATE_METHOD_MATCH = YES;
				COPY_PHASE_STRIP = NO;
				DEBUG_INFORMATION_FORMAT = "dwarf-with-dsym";
				ENABLE_NS_ASSERTIONS = NO;
				ENABLE_STRICT_OBJC_MSGSEND = YES;
				GCC_C_LANGUAGE_STANDARD = gnu11;
				GCC_NO_COMMON_BLOCKS = YES;
				GCC_WARN_64_TO_32_BIT_CONVERSION = YES;
				GCC_WARN_ABOUT_RETURN_TYPE = YES_ERROR;
				GCC_WARN_UNDECLARED_SELECTOR = YES;
				GCC_WARN_UNINITIALIZED_AUTOS = YES_AGGRESSIVE;
				GCC_WARN_UNUSED_FUNCTION = YES;
				GCC_WARN_UNUSED_VARIABLE = YES;
				IPHONEOS_DEPLOYMENT_TARGET = 15.0;
				MTL_ENABLE_DEBUG_INFO = NO;
				MTL_FAST_MATH = YES;
				SDKROOT = iphoneos;
				SWIFT_COMPILATION_MODE = wholemodule;
				SWIFT_OPTIMIZATION_LEVEL = "-O";
				VALIDATE_PRODUCT = YES;
			};
			name = Release;
		};
		AD485E172990FD26009178C7 /* Debug */ = {
			isa = XCBuildConfiguration;
			buildSettings = {
				ASSETCATALOG_COMPILER_APPICON_NAME = AppIcon;
				ASSETCATALOG_COMPILER_GLOBAL_ACCENT_COLOR_NAME = AccentColor;
				CODE_SIGN_STYLE = Automatic;
				CURRENT_PROJECT_VERSION = 1;
				DEVELOPMENT_ASSET_PATHS = "\"MediaTrending/Preview Content\"";
				DEVELOPMENT_TEAM = DLA597KS3F;
				ENABLE_PREVIEWS = YES;
				GENERATE_INFOPLIST_FILE = YES;
				INFOPLIST_KEY_CFBundleDisplayName = "Rank Of Media";
				INFOPLIST_KEY_UIApplicationSceneManifest_Generation = YES;
				INFOPLIST_KEY_UIApplicationSupportsIndirectInputEvents = YES;
				INFOPLIST_KEY_UILaunchScreen_Generation = YES;
				INFOPLIST_KEY_UISupportedInterfaceOrientations = UIInterfaceOrientationPortrait;
				INFOPLIST_KEY_UISupportedInterfaceOrientations_iPad = "UIInterfaceOrientationLandscapeLeft UIInterfaceOrientationLandscapeRight UIInterfaceOrientationPortrait UIInterfaceOrientationPortraitUpsideDown";
				IPHONEOS_DEPLOYMENT_TARGET = 15.0;
				LD_RUNPATH_SEARCH_PATHS = (
					"$(inherited)",
					"@executable_path/Frameworks",
				);
				MARKETING_VERSION = 1.0;
				PRODUCT_BUNDLE_IDENTIFIER = com.jhee.MediaTrending;
				PRODUCT_NAME = "$(TARGET_NAME)";
				SUPPORTED_PLATFORMS = "iphoneos iphonesimulator";
				SUPPORTS_MACCATALYST = NO;
				SUPPORTS_MAC_DESIGNED_FOR_IPHONE_IPAD = NO;
				SWIFT_EMIT_LOC_STRINGS = YES;
				SWIFT_VERSION = 5.0;
				TARGETED_DEVICE_FAMILY = 1;
			};
			name = Debug;
		};
		AD485E182990FD26009178C7 /* Release */ = {
			isa = XCBuildConfiguration;
			buildSettings = {
				ASSETCATALOG_COMPILER_APPICON_NAME = AppIcon;
				ASSETCATALOG_COMPILER_GLOBAL_ACCENT_COLOR_NAME = AccentColor;
				CODE_SIGN_STYLE = Automatic;
				CURRENT_PROJECT_VERSION = 1;
				DEVELOPMENT_ASSET_PATHS = "\"MediaTrending/Preview Content\"";
				DEVELOPMENT_TEAM = DLA597KS3F;
				ENABLE_PREVIEWS = YES;
				GENERATE_INFOPLIST_FILE = YES;
				INFOPLIST_KEY_CFBundleDisplayName = "Rank Of Media";
				INFOPLIST_KEY_UIApplicationSceneManifest_Generation = YES;
				INFOPLIST_KEY_UIApplicationSupportsIndirectInputEvents = YES;
				INFOPLIST_KEY_UILaunchScreen_Generation = YES;
				INFOPLIST_KEY_UISupportedInterfaceOrientations = UIInterfaceOrientationPortrait;
				INFOPLIST_KEY_UISupportedInterfaceOrientations_iPad = "UIInterfaceOrientationLandscapeLeft UIInterfaceOrientationLandscapeRight UIInterfaceOrientationPortrait UIInterfaceOrientationPortraitUpsideDown";
				IPHONEOS_DEPLOYMENT_TARGET = 15.0;
				LD_RUNPATH_SEARCH_PATHS = (
					"$(inherited)",
					"@executable_path/Frameworks",
				);
				MARKETING_VERSION = 1.0;
				PRODUCT_BUNDLE_IDENTIFIER = com.jhee.MediaTrending;
				PRODUCT_NAME = "$(TARGET_NAME)";
				SUPPORTED_PLATFORMS = "iphoneos iphonesimulator";
				SUPPORTS_MACCATALYST = NO;
				SUPPORTS_MAC_DESIGNED_FOR_IPHONE_IPAD = NO;
				SWIFT_EMIT_LOC_STRINGS = YES;
				SWIFT_VERSION = 5.0;
				TARGETED_DEVICE_FAMILY = 1;
			};
			name = Release;
		};
		AD485E1A2990FD26009178C7 /* Debug */ = {
			isa = XCBuildConfiguration;
			buildSettings = {
				ALWAYS_EMBED_SWIFT_STANDARD_LIBRARIES = YES;
				BUNDLE_LOADER = "$(TEST_HOST)";
				CODE_SIGN_STYLE = Automatic;
				CURRENT_PROJECT_VERSION = 1;
				DEVELOPMENT_TEAM = DLA597KS3F;
				GENERATE_INFOPLIST_FILE = YES;
				IPHONEOS_DEPLOYMENT_TARGET = 16.2;
				MARKETING_VERSION = 1.0;
				PRODUCT_BUNDLE_IDENTIFIER = com.jhee.MediaTrendingTests;
				PRODUCT_NAME = "$(TARGET_NAME)";
				SWIFT_EMIT_LOC_STRINGS = NO;
				SWIFT_VERSION = 5.0;
				TARGETED_DEVICE_FAMILY = "1,2";
				TEST_HOST = "$(BUILT_PRODUCTS_DIR)/MediaTrending.app/$(BUNDLE_EXECUTABLE_FOLDER_PATH)/MediaTrending";
			};
			name = Debug;
		};
		AD485E1B2990FD26009178C7 /* Release */ = {
			isa = XCBuildConfiguration;
			buildSettings = {
				ALWAYS_EMBED_SWIFT_STANDARD_LIBRARIES = YES;
				BUNDLE_LOADER = "$(TEST_HOST)";
				CODE_SIGN_STYLE = Automatic;
				CURRENT_PROJECT_VERSION = 1;
				DEVELOPMENT_TEAM = DLA597KS3F;
				GENERATE_INFOPLIST_FILE = YES;
				IPHONEOS_DEPLOYMENT_TARGET = 16.2;
				MARKETING_VERSION = 1.0;
				PRODUCT_BUNDLE_IDENTIFIER = com.jhee.MediaTrendingTests;
				PRODUCT_NAME = "$(TARGET_NAME)";
				SWIFT_EMIT_LOC_STRINGS = NO;
				SWIFT_VERSION = 5.0;
				TARGETED_DEVICE_FAMILY = "1,2";
				TEST_HOST = "$(BUILT_PRODUCTS_DIR)/MediaTrending.app/$(BUNDLE_EXECUTABLE_FOLDER_PATH)/MediaTrending";
			};
			name = Release;
		};
		AD485E1D2990FD26009178C7 /* Debug */ = {
			isa = XCBuildConfiguration;
			buildSettings = {
				ALWAYS_EMBED_SWIFT_STANDARD_LIBRARIES = YES;
				CODE_SIGN_STYLE = Automatic;
				CURRENT_PROJECT_VERSION = 1;
				DEVELOPMENT_TEAM = DLA597KS3F;
				GENERATE_INFOPLIST_FILE = YES;
				MARKETING_VERSION = 1.0;
				PRODUCT_BUNDLE_IDENTIFIER = com.jhee.MediaTrendingUITests;
				PRODUCT_NAME = "$(TARGET_NAME)";
				SWIFT_EMIT_LOC_STRINGS = NO;
				SWIFT_VERSION = 5.0;
				TARGETED_DEVICE_FAMILY = "1,2";
				TEST_TARGET_NAME = MediaTrending;
			};
			name = Debug;
		};
		AD485E1E2990FD26009178C7 /* Release */ = {
			isa = XCBuildConfiguration;
			buildSettings = {
				ALWAYS_EMBED_SWIFT_STANDARD_LIBRARIES = YES;
				CODE_SIGN_STYLE = Automatic;
				CURRENT_PROJECT_VERSION = 1;
				DEVELOPMENT_TEAM = DLA597KS3F;
				GENERATE_INFOPLIST_FILE = YES;
				MARKETING_VERSION = 1.0;
				PRODUCT_BUNDLE_IDENTIFIER = com.jhee.MediaTrendingUITests;
				PRODUCT_NAME = "$(TARGET_NAME)";
				SWIFT_EMIT_LOC_STRINGS = NO;
				SWIFT_VERSION = 5.0;
				TARGETED_DEVICE_FAMILY = "1,2";
				TEST_TARGET_NAME = MediaTrending;
			};
			name = Release;
		};
/* End XCBuildConfiguration section */

/* Begin XCConfigurationList section */
		AD485DED2990FD25009178C7 /* Build configuration list for PBXProject "MediaTrending" */ = {
			isa = XCConfigurationList;
			buildConfigurations = (
				AD485E142990FD26009178C7 /* Debug */,
				AD485E152990FD26009178C7 /* Release */,
			);
			defaultConfigurationIsVisible = 0;
			defaultConfigurationName = Release;
		};
		AD485E162990FD26009178C7 /* Build configuration list for PBXNativeTarget "MediaTrending" */ = {
			isa = XCConfigurationList;
			buildConfigurations = (
				AD485E172990FD26009178C7 /* Debug */,
				AD485E182990FD26009178C7 /* Release */,
			);
			defaultConfigurationIsVisible = 0;
			defaultConfigurationName = Release;
		};
		AD485E192990FD26009178C7 /* Build configuration list for PBXNativeTarget "MediaTrendingTests" */ = {
			isa = XCConfigurationList;
			buildConfigurations = (
				AD485E1A2990FD26009178C7 /* Debug */,
				AD485E1B2990FD26009178C7 /* Release */,
			);
			defaultConfigurationIsVisible = 0;
			defaultConfigurationName = Release;
		};
		AD485E1C2990FD26009178C7 /* Build configuration list for PBXNativeTarget "MediaTrendingUITests" */ = {
			isa = XCConfigurationList;
			buildConfigurations = (
				AD485E1D2990FD26009178C7 /* Debug */,
				AD485E1E2990FD26009178C7 /* Release */,
			);
			defaultConfigurationIsVisible = 0;
			defaultConfigurationName = Release;
		};
/* End XCConfigurationList section */

/* Begin XCRemoteSwiftPackageReference section */
		AD485E2929910C8A009178C7 /* XCRemoteSwiftPackageReference "Alamofire" */ = {
			isa = XCRemoteSwiftPackageReference;
			repositoryURL = "https://github.com/Alamofire/Alamofire.git";
			requirement = {
				kind = upToNextMajorVersion;
				minimumVersion = 5.0.0;
			};
		};
/* End XCRemoteSwiftPackageReference section */

/* Begin XCSwiftPackageProductDependency section */
		AD485E2A29910C8A009178C7 /* Alamofire */ = {
			isa = XCSwiftPackageProductDependency;
			package = AD485E2929910C8A009178C7 /* XCRemoteSwiftPackageReference "Alamofire" */;
			productName = Alamofire;
		};
/* End XCSwiftPackageProductDependency section */
	};
	rootObject = AD485DEA2990FD25009178C7 /* Project object */;
}
